
Microsoft Visual Studio Solution File, Format Version 12.00
# Visual Studio Version 17
VisualStudioVersion = 17.9.34728.123
MinimumVisualStudioVersion = 10.0.40219.1
Project("{FAE04EC0-301F-11D3-BF4B-00C04F79EFBC}") = "HWDb", "HWDb.csproj", "{84AE805C-4CDB-452D-9D6C-6CDE9E71D188}"
EndProject
Global
	GlobalSection(SolutionConfigurationPlatforms) = preSolution
		Debug|Any CPU = Debug|Any CPU
		Release|Any CPU = Release|Any CPU
	EndGlobalSection
	GlobalSection(ProjectConfigurationPlatforms) = postSolution
		{84AE805C-4CDB-452D-9D6C-6CDE9E71D188}.Debug|Any CPU.ActiveCfg = Debug|Any CPU
		{84AE805C-4CDB-452D-9D6C-6CDE9E71D188}.Debug|Any CPU.Build.0 = Debug|Any CPU
		{84AE805C-4CDB-452D-9D6C-6CDE9E71D188}.Release|Any CPU.ActiveCfg = Release|Any CPU
		{84AE805C-4CDB-452D-9D6C-6CDE9E71D188}.Release|Any CPU.Build.0 = Release|Any CPU
	EndGlobalSection
	GlobalSection(SolutionProperties) = preSolution
		HideSolutionNode = FALSE
	EndGlobalSection
	GlobalSection(ExtensibilityGlobals) = postSolution
		SolutionGuid = {28C2CFB0-E325-4025-B101-985492C2C502}
	EndGlobalSection
EndGlobal
